// !$*UTF8*$!
{
	archiveVersion = 1;
	classes = {
	};
	objectVersion = 46;
	objects = {

/* Begin PBXBuildFile section */
		1F0370DC1E95065700C701A1 /* WBNewFetureView.swift in Sources */ = {isa = PBXBuildFile; fileRef = 1F0370DB1E95065700C701A1 /* WBNewFetureView.swift */; };
		1F0370DE1E95066500C701A1 /* WBWelcomeView.swift in Sources */ = {isa = PBXBuildFile; fileRef = 1F0370DD1E95066500C701A1 /* WBWelcomeView.swift */; };
		1F0370E01E95097700C701A1 /* UIIamge+draw.swift in Sources */ = {isa = PBXBuildFile; fileRef = 1F0370DF1E95097700C701A1 /* UIIamge+draw.swift */; };
		1F0370E21E950AD900C701A1 /* Bundle+extension.swift in Sources */ = {isa = PBXBuildFile; fileRef = 1F0370E11E950AD900C701A1 /* Bundle+extension.swift */; };
		1F7634921E9679F500E0A906 /* WBStatusViewModel.swift in Sources */ = {isa = PBXBuildFile; fileRef = 1F7634911E9679F500E0A906 /* WBStatusViewModel.swift */; };
		1F7634941E967D5700E0A906 /* Date+extension.swift in Sources */ = {isa = PBXBuildFile; fileRef = 1F7634931E967D5700E0A906 /* Date+extension.swift */; };
		1F7634961E9726DE00E0A906 /* WBRetweetedStatusCell.swift in Sources */ = {isa = PBXBuildFile; fileRef = 1F7634951E9726DE00E0A906 /* WBRetweetedStatusCell.swift */; };
		1F7634F11E993E2500E0A906 /* WBPhotoBroserController.swift in Sources */ = {isa = PBXBuildFile; fileRef = 1F7634F01E993E2500E0A906 /* WBPhotoBroserController.swift */; };
		1F7634F31E99495C00E0A906 /* WBPhotoViewController.swift in Sources */ = {isa = PBXBuildFile; fileRef = 1F7634F21E99495C00E0A906 /* WBPhotoViewController.swift */; };
		1F7634F51E9A584200E0A906 /* WBStatusListViewModel.swift in Sources */ = {isa = PBXBuildFile; fileRef = 1F7634F41E9A584200E0A906 /* WBStatusListViewModel.swift */; };
		1F7636641E9CEC8C00E0A906 /* WBComposeViewController.swift in Sources */ = {isa = PBXBuildFile; fileRef = 1F7636631E9CEC8C00E0A906 /* WBComposeViewController.swift */; };
		1F7636661E9CF9B700E0A906 /* WBTextView.swift in Sources */ = {isa = PBXBuildFile; fileRef = 1F7636651E9CF9B700E0A906 /* WBTextView.swift */; };
		1F7636681E9E498000E0A906 /* WBComposePicCell.swift in Sources */ = {isa = PBXBuildFile; fileRef = 1F7636671E9E498000E0A906 /* WBComposePicCell.swift */; };
		1F76366A1E9E627D00E0A906 /* NetworkTool+compose.swift in Sources */ = {isa = PBXBuildFile; fileRef = 1F7636691E9E627D00E0A906 /* NetworkTool+compose.swift */; };
		1F76366D1E9E76DB00E0A906 /* WBCustomKeyboard.swift in Sources */ = {isa = PBXBuildFile; fileRef = 1F76366C1E9E76DB00E0A906 /* WBCustomKeyboard.swift */; };
		1F76366F1E9E77A500E0A906 /* WBKeyboardToolbar.swift in Sources */ = {isa = PBXBuildFile; fileRef = 1F76366E1E9E77A500E0A906 /* WBKeyboardToolbar.swift */; };
		1F8520E41E90C46F00260C16 /* AppDelegate.swift in Sources */ = {isa = PBXBuildFile; fileRef = 1F8520E31E90C46F00260C16 /* AppDelegate.swift */; };
		1F8520E61E90C46F00260C16 /* ViewController.swift in Sources */ = {isa = PBXBuildFile; fileRef = 1F8520E51E90C46F00260C16 /* ViewController.swift */; };
		1F8520E91E90C46F00260C16 /* Main.storyboard in Resources */ = {isa = PBXBuildFile; fileRef = 1F8520E71E90C46F00260C16 /* Main.storyboard */; };
		1F8520EB1E90C46F00260C16 /* Assets.xcassets in Resources */ = {isa = PBXBuildFile; fileRef = 1F8520EA1E90C46F00260C16 /* Assets.xcassets */; };
		1F8520EE1E90C46F00260C16 /* LaunchScreen.storyboard in Resources */ = {isa = PBXBuildFile; fileRef = 1F8520EC1E90C46F00260C16 /* LaunchScreen.storyboard */; };
		1F8521071E910CCB00260C16 /* .gitignore in Resources */ = {isa = PBXBuildFile; fileRef = 1F8520F71E910CCB00260C16 /* .gitignore */; };
		1F8521081E910CCB00260C16 /* .gitignore in Resources */ = {isa = PBXBuildFile; fileRef = 1F8520F91E910CCB00260C16 /* .gitignore */; };
		1F8521091E910CCB00260C16 /* .gitignore in Resources */ = {isa = PBXBuildFile; fileRef = 1F8520FB1E910CCB00260C16 /* .gitignore */; };
		1F85210A1E910CCB00260C16 /* .gitignore in Resources */ = {isa = PBXBuildFile; fileRef = 1F8520FD1E910CCB00260C16 /* .gitignore */; };
		1F85210B1E910CCB00260C16 /* .gitignore in Resources */ = {isa = PBXBuildFile; fileRef = 1F8521061E910CCB00260C16 /* .gitignore */; };
		1F85210E1E910E8C00260C16 /* WBMainController.swift in Sources */ = {isa = PBXBuildFile; fileRef = 1F85210D1E910E8C00260C16 /* WBMainController.swift */; };
		1F8521101E910EC600260C16 /* WBRootController.swift in Sources */ = {isa = PBXBuildFile; fileRef = 1F85210F1E910EC600260C16 /* WBRootController.swift */; };
		1F8521121E9110FC00260C16 /* main.json in Resources */ = {isa = PBXBuildFile; fileRef = 1F8521111E9110FC00260C16 /* main.json */; };
		1F8521141E911B4700260C16 /* WBHomeController.swift in Sources */ = {isa = PBXBuildFile; fileRef = 1F8521131E911B4700260C16 /* WBHomeController.swift */; };
		1F8521161E911B5900260C16 /* WBMessageController.swift in Sources */ = {isa = PBXBuildFile; fileRef = 1F8521151E911B5900260C16 /* WBMessageController.swift */; };
		1F8521181E911B7900260C16 /* WBDiscoverController.swift in Sources */ = {isa = PBXBuildFile; fileRef = 1F8521171E911B7900260C16 /* WBDiscoverController.swift */; };
		1F85211A1E911B8B00260C16 /* WBProfileController.swift in Sources */ = {isa = PBXBuildFile; fileRef = 1F8521191E911B8B00260C16 /* WBProfileController.swift */; };
		1F85211C1E91246D00260C16 /* UIButton+convenience.swift in Sources */ = {isa = PBXBuildFile; fileRef = 1F85211B1E91246D00260C16 /* UIButton+convenience.swift */; };
		1F85211E1E91309900260C16 /* WBVisitorView.swift in Sources */ = {isa = PBXBuildFile; fileRef = 1F85211D1E91309900260C16 /* WBVisitorView.swift */; };
		1F8521201E9133F700260C16 /* UIImageView+extension.swift in Sources */ = {isa = PBXBuildFile; fileRef = 1F85211F1E9133F700260C16 /* UIImageView+extension.swift */; };
		1F8521221E9135D000260C16 /* UIlabel+convenience.swift in Sources */ = {isa = PBXBuildFile; fileRef = 1F8521211E9135D000260C16 /* UIlabel+convenience.swift */; };
		1F8521461E913A8700260C16 /* Constraint.swift in Sources */ = {isa = PBXBuildFile; fileRef = 1F8521241E913A8700260C16 /* Constraint.swift */; };
		1F8521471E913A8700260C16 /* ConstraintAttributes.swift in Sources */ = {isa = PBXBuildFile; fileRef = 1F8521251E913A8700260C16 /* ConstraintAttributes.swift */; };
		1F8521481E913A8700260C16 /* ConstraintConfig.swift in Sources */ = {isa = PBXBuildFile; fileRef = 1F8521261E913A8700260C16 /* ConstraintConfig.swift */; };
		1F8521491E913A8700260C16 /* ConstraintConstantTarget.swift in Sources */ = {isa = PBXBuildFile; fileRef = 1F8521271E913A8700260C16 /* ConstraintConstantTarget.swift */; };
		1F85214A1E913A8700260C16 /* ConstraintDescription.swift in Sources */ = {isa = PBXBuildFile; fileRef = 1F8521281E913A8700260C16 /* ConstraintDescription.swift */; };
		1F85214B1E913A8700260C16 /* ConstraintDSL.swift in Sources */ = {isa = PBXBuildFile; fileRef = 1F8521291E913A8700260C16 /* ConstraintDSL.swift */; };
		1F85214C1E913A8700260C16 /* ConstraintInsets.swift in Sources */ = {isa = PBXBuildFile; fileRef = 1F85212A1E913A8700260C16 /* ConstraintInsets.swift */; };
		1F85214D1E913A8700260C16 /* ConstraintInsetTarget.swift in Sources */ = {isa = PBXBuildFile; fileRef = 1F85212B1E913A8700260C16 /* ConstraintInsetTarget.swift */; };
		1F85214E1E913A8700260C16 /* ConstraintItem.swift in Sources */ = {isa = PBXBuildFile; fileRef = 1F85212C1E913A8700260C16 /* ConstraintItem.swift */; };
		1F85214F1E913A8700260C16 /* ConstraintLayoutGuide+Extensions.swift in Sources */ = {isa = PBXBuildFile; fileRef = 1F85212D1E913A8700260C16 /* ConstraintLayoutGuide+Extensions.swift */; };
		1F8521501E913A8700260C16 /* ConstraintLayoutGuide.swift in Sources */ = {isa = PBXBuildFile; fileRef = 1F85212E1E913A8700260C16 /* ConstraintLayoutGuide.swift */; };
		1F8521511E913A8700260C16 /* ConstraintLayoutGuideDSL.swift in Sources */ = {isa = PBXBuildFile; fileRef = 1F85212F1E913A8700260C16 /* ConstraintLayoutGuideDSL.swift */; };
		1F8521521E913A8700260C16 /* ConstraintLayoutSupport.swift in Sources */ = {isa = PBXBuildFile; fileRef = 1F8521301E913A8700260C16 /* ConstraintLayoutSupport.swift */; };
		1F8521531E913A8700260C16 /* ConstraintLayoutSupportDSL.swift in Sources */ = {isa = PBXBuildFile; fileRef = 1F8521311E913A8700260C16 /* ConstraintLayoutSupportDSL.swift */; };
		1F8521541E913A8700260C16 /* ConstraintMaker.swift in Sources */ = {isa = PBXBuildFile; fileRef = 1F8521321E913A8700260C16 /* ConstraintMaker.swift */; };
		1F8521551E913A8700260C16 /* ConstraintMakerEditable.swift in Sources */ = {isa = PBXBuildFile; fileRef = 1F8521331E913A8700260C16 /* ConstraintMakerEditable.swift */; };
		1F8521561E913A8700260C16 /* ConstraintMakerExtendable.swift in Sources */ = {isa = PBXBuildFile; fileRef = 1F8521341E913A8700260C16 /* ConstraintMakerExtendable.swift */; };
		1F8521571E913A8700260C16 /* ConstraintMakerFinalizable.swift in Sources */ = {isa = PBXBuildFile; fileRef = 1F8521351E913A8700260C16 /* ConstraintMakerFinalizable.swift */; };
		1F8521581E913A8700260C16 /* ConstraintMakerPriortizable.swift in Sources */ = {isa = PBXBuildFile; fileRef = 1F8521361E913A8700260C16 /* ConstraintMakerPriortizable.swift */; };
		1F8521591E913A8700260C16 /* ConstraintMakerRelatable.swift in Sources */ = {isa = PBXBuildFile; fileRef = 1F8521371E913A8700260C16 /* ConstraintMakerRelatable.swift */; };
		1F85215A1E913A8700260C16 /* ConstraintMultiplierTarget.swift in Sources */ = {isa = PBXBuildFile; fileRef = 1F8521381E913A8700260C16 /* ConstraintMultiplierTarget.swift */; };
		1F85215B1E913A8700260C16 /* ConstraintOffsetTarget.swift in Sources */ = {isa = PBXBuildFile; fileRef = 1F8521391E913A8700260C16 /* ConstraintOffsetTarget.swift */; };
		1F85215C1E913A8700260C16 /* ConstraintPriorityTarget.swift in Sources */ = {isa = PBXBuildFile; fileRef = 1F85213A1E913A8700260C16 /* ConstraintPriorityTarget.swift */; };
		1F85215D1E913A8700260C16 /* ConstraintRelatableTarget.swift in Sources */ = {isa = PBXBuildFile; fileRef = 1F85213B1E913A8700260C16 /* ConstraintRelatableTarget.swift */; };
		1F85215E1E913A8700260C16 /* ConstraintRelation.swift in Sources */ = {isa = PBXBuildFile; fileRef = 1F85213C1E913A8700260C16 /* ConstraintRelation.swift */; };
		1F85215F1E913A8700260C16 /* ConstraintView+Extensions.swift in Sources */ = {isa = PBXBuildFile; fileRef = 1F85213D1E913A8700260C16 /* ConstraintView+Extensions.swift */; };
		1F8521601E913A8700260C16 /* ConstraintView.swift in Sources */ = {isa = PBXBuildFile; fileRef = 1F85213E1E913A8700260C16 /* ConstraintView.swift */; };
		1F8521611E913A8700260C16 /* ConstraintViewDSL.swift in Sources */ = {isa = PBXBuildFile; fileRef = 1F85213F1E913A8700260C16 /* ConstraintViewDSL.swift */; };
		1F8521621E913A8700260C16 /* Debugging.swift in Sources */ = {isa = PBXBuildFile; fileRef = 1F8521401E913A8700260C16 /* Debugging.swift */; };
		1F8521631E913A8700260C16 /* Info.plist in Resources */ = {isa = PBXBuildFile; fileRef = 1F8521411E913A8700260C16 /* Info.plist */; };
		1F8521641E913A8700260C16 /* LayoutConstraint.swift in Sources */ = {isa = PBXBuildFile; fileRef = 1F8521421E913A8700260C16 /* LayoutConstraint.swift */; };
		1F8521651E913A8700260C16 /* LayoutConstraintItem.swift in Sources */ = {isa = PBXBuildFile; fileRef = 1F8521431E913A8700260C16 /* LayoutConstraintItem.swift */; };
		1F8521661E913A8700260C16 /* UILayoutSupport+Extensions.swift in Sources */ = {isa = PBXBuildFile; fileRef = 1F8521451E913A8700260C16 /* UILayoutSupport+Extensions.swift */; };
		1F8521681E91432700260C16 /* UIColor+extension.swift in Sources */ = {isa = PBXBuildFile; fileRef = 1F8521671E91432700260C16 /* UIColor+extension.swift */; };
		1F9053C71E953D5200B65122 /* WBPictureModel.swift in Sources */ = {isa = PBXBuildFile; fileRef = 1F9053C61E953D5200B65122 /* WBPictureModel.swift */; };
		1F9053C91E953D6400B65122 /* WBStatusModel.swift in Sources */ = {isa = PBXBuildFile; fileRef = 1F9053C81E953D6400B65122 /* WBStatusModel.swift */; };
		1F9053CB1E953D7400B65122 /* WBUserModel.swift in Sources */ = {isa = PBXBuildFile; fileRef = 1F9053CA1E953D7400B65122 /* WBUserModel.swift */; };
		1F9053CD1E953FCE00B65122 /* NewworkTool+status.swift in Sources */ = {isa = PBXBuildFile; fileRef = 1F9053CC1E953FCE00B65122 /* NewworkTool+status.swift */; };
		1F9053D01E9548D500B65122 /* WBOriginalStatusView.swift in Sources */ = {isa = PBXBuildFile; fileRef = 1F9053CF1E9548D500B65122 /* WBOriginalStatusView.swift */; };
		1F9053D21E9548EE00B65122 /* WBRetweetedStatusView.swift in Sources */ = {isa = PBXBuildFile; fileRef = 1F9053D11E9548EE00B65122 /* WBRetweetedStatusView.swift */; };
		1F9053D41E95490F00B65122 /* WBStatusCell.swift in Sources */ = {isa = PBXBuildFile; fileRef = 1F9053D31E95490F00B65122 /* WBStatusCell.swift */; };
		1F9053D61E95492900B65122 /* WBStatusPictureView.swift in Sources */ = {isa = PBXBuildFile; fileRef = 1F9053D51E95492900B65122 /* WBStatusPictureView.swift */; };
		1F9053D81E95493A00B65122 /* WBStatusToolBar.swift in Sources */ = {isa = PBXBuildFile; fileRef = 1F9053D71E95493A00B65122 /* WBStatusToolBar.swift */; };
		1FC51CDD1E933C0A00C05565 /* WBLogInController.swift in Sources */ = {isa = PBXBuildFile; fileRef = 1FC51CDC1E933C0A00C05565 /* WBLogInController.swift */; };
		1FC51CDF1E93443100C05565 /* NetworkTool.swift in Sources */ = {isa = PBXBuildFile; fileRef = 1FC51CDE1E93443100C05565 /* NetworkTool.swift */; };
		1FC51CE21E9347F900C05565 /* NetworkTool+Login.swift in Sources */ = {isa = PBXBuildFile; fileRef = 1FC51CE11E9347F900C05565 /* NetworkTool+Login.swift */; };
		1FC51CE41E934ECA00C05565 /* Common.swift in Sources */ = {isa = PBXBuildFile; fileRef = 1FC51CE31E934ECA00C05565 /* Common.swift */; };
		1FC51CE61E9394E500C05565 /* WBUserAccount.swift in Sources */ = {isa = PBXBuildFile; fileRef = 1FC51CE51E9394E500C05565 /* WBUserAccount.swift */; };
		67179E1939EBAFFA5E876D4C /* Pods_WeiBo.framework in Frameworks */ = {isa = PBXBuildFile; fileRef = D7608C7B377F7D9B05BA881D /* Pods_WeiBo.framework */; };
/* End PBXBuildFile section */

/* Begin PBXFileReference section */
		1F0370DB1E95065700C701A1 /* WBNewFetureView.swift */ = {isa = PBXFileReference; fileEncoding = 4; lastKnownFileType = sourcecode.swift; path = WBNewFetureView.swift; sourceTree = "<group>"; };
		1F0370DD1E95066500C701A1 /* WBWelcomeView.swift */ = {isa = PBXFileReference; fileEncoding = 4; lastKnownFileType = sourcecode.swift; path = WBWelcomeView.swift; sourceTree = "<group>"; };
		1F0370DF1E95097700C701A1 /* UIIamge+draw.swift */ = {isa = PBXFileReference; fileEncoding = 4; lastKnownFileType = sourcecode.swift; path = "UIIamge+draw.swift"; sourceTree = "<group>"; };
		1F0370E11E950AD900C701A1 /* Bundle+extension.swift */ = {isa = PBXFileReference; fileEncoding = 4; lastKnownFileType = sourcecode.swift; path = "Bundle+extension.swift"; sourceTree = "<group>"; };
		1F7634911E9679F500E0A906 /* WBStatusViewModel.swift */ = {isa = PBXFileReference; fileEncoding = 4; lastKnownFileType = sourcecode.swift; path = WBStatusViewModel.swift; sourceTree = "<group>"; };
		1F7634931E967D5700E0A906 /* Date+extension.swift */ = {isa = PBXFileReference; fileEncoding = 4; lastKnownFileType = sourcecode.swift; name = "Date+extension.swift"; path = "NetworkTool(网络中间层)/Date+extension.swift"; sourceTree = "<group>"; };
		1F7634951E9726DE00E0A906 /* WBRetweetedStatusCell.swift */ = {isa = PBXFileReference; fileEncoding = 4; lastKnownFileType = sourcecode.swift; path = WBRetweetedStatusCell.swift; sourceTree = "<group>"; };
		1F7634F01E993E2500E0A906 /* WBPhotoBroserController.swift */ = {isa = PBXFileReference; fileEncoding = 4; lastKnownFileType = sourcecode.swift; path = WBPhotoBroserController.swift; sourceTree = "<group>"; };
		1F7634F21E99495C00E0A906 /* WBPhotoViewController.swift */ = {isa = PBXFileReference; fileEncoding = 4; lastKnownFileType = sourcecode.swift; path = WBPhotoViewController.swift; sourceTree = "<group>"; };
		1F7634F41E9A584200E0A906 /* WBStatusListViewModel.swift */ = {isa = PBXFileReference; fileEncoding = 4; lastKnownFileType = sourcecode.swift; path = WBStatusListViewModel.swift; sourceTree = "<group>"; };
		1F7636631E9CEC8C00E0A906 /* WBComposeViewController.swift */ = {isa = PBXFileReference; fileEncoding = 4; lastKnownFileType = sourcecode.swift; path = WBComposeViewController.swift; sourceTree = "<group>"; };
		1F7636651E9CF9B700E0A906 /* WBTextView.swift */ = {isa = PBXFileReference; fileEncoding = 4; lastKnownFileType = sourcecode.swift; path = WBTextView.swift; sourceTree = "<group>"; };
		1F7636671E9E498000E0A906 /* WBComposePicCell.swift */ = {isa = PBXFileReference; fileEncoding = 4; lastKnownFileType = sourcecode.swift; path = WBComposePicCell.swift; sourceTree = "<group>"; };
		1F7636691E9E627D00E0A906 /* NetworkTool+compose.swift */ = {isa = PBXFileReference; fileEncoding = 4; lastKnownFileType = sourcecode.swift; path = "NetworkTool+compose.swift"; sourceTree = "<group>"; };
		1F76366C1E9E76DB00E0A906 /* WBCustomKeyboard.swift */ = {isa = PBXFileReference; fileEncoding = 4; lastKnownFileType = sourcecode.swift; path = WBCustomKeyboard.swift; sourceTree = "<group>"; };
		1F76366E1E9E77A500E0A906 /* WBKeyboardToolbar.swift */ = {isa = PBXFileReference; fileEncoding = 4; lastKnownFileType = sourcecode.swift; path = WBKeyboardToolbar.swift; sourceTree = "<group>"; };
		1F8520E01E90C46F00260C16 /* WeiBo.app */ = {isa = PBXFileReference; explicitFileType = wrapper.application; includeInIndex = 0; path = WeiBo.app; sourceTree = BUILT_PRODUCTS_DIR; };
		1F8520E31E90C46F00260C16 /* AppDelegate.swift */ = {isa = PBXFileReference; lastKnownFileType = sourcecode.swift; path = AppDelegate.swift; sourceTree = "<group>"; };
		1F8520E51E90C46F00260C16 /* ViewController.swift */ = {isa = PBXFileReference; lastKnownFileType = sourcecode.swift; path = ViewController.swift; sourceTree = "<group>"; };
		1F8520E81E90C46F00260C16 /* Base */ = {isa = PBXFileReference; lastKnownFileType = file.storyboard; name = Base; path = Base.lproj/Main.storyboard; sourceTree = "<group>"; };
		1F8520EA1E90C46F00260C16 /* Assets.xcassets */ = {isa = PBXFileReference; lastKnownFileType = folder.assetcatalog; path = Assets.xcassets; sourceTree = "<group>"; };
		1F8520ED1E90C46F00260C16 /* Base */ = {isa = PBXFileReference; lastKnownFileType = file.storyboard; name = Base; path = Base.lproj/LaunchScreen.storyboard; sourceTree = "<group>"; };
		1F8520EF1E90C46F00260C16 /* Info.plist */ = {isa = PBXFileReference; lastKnownFileType = text.plist.xml; path = Info.plist; sourceTree = "<group>"; };
		1F8520F71E910CCB00260C16 /* .gitignore */ = {isa = PBXFileReference; fileEncoding = 4; lastKnownFileType = text; path = .gitignore; sourceTree = "<group>"; };
		1F8520F91E910CCB00260C16 /* .gitignore */ = {isa = PBXFileReference; fileEncoding = 4; lastKnownFileType = text; path = .gitignore; sourceTree = "<group>"; };
		1F8520FB1E910CCB00260C16 /* .gitignore */ = {isa = PBXFileReference; fileEncoding = 4; lastKnownFileType = text; path = .gitignore; sourceTree = "<group>"; };
		1F8520FD1E910CCB00260C16 /* .gitignore */ = {isa = PBXFileReference; fileEncoding = 4; lastKnownFileType = text; path = .gitignore; sourceTree = "<group>"; };
		1F8521061E910CCB00260C16 /* .gitignore */ = {isa = PBXFileReference; fileEncoding = 4; lastKnownFileType = text; path = .gitignore; sourceTree = "<group>"; };
		1F85210D1E910E8C00260C16 /* WBMainController.swift */ = {isa = PBXFileReference; fileEncoding = 4; lastKnownFileType = sourcecode.swift; path = WBMainController.swift; sourceTree = "<group>"; };
		1F85210F1E910EC600260C16 /* WBRootController.swift */ = {isa = PBXFileReference; fileEncoding = 4; lastKnownFileType = sourcecode.swift; path = WBRootController.swift; sourceTree = "<group>"; };
		1F8521111E9110FC00260C16 /* main.json */ = {isa = PBXFileReference; fileEncoding = 4; lastKnownFileType = text.json; path = main.json; sourceTree = "<group>"; };
		1F8521131E911B4700260C16 /* WBHomeController.swift */ = {isa = PBXFileReference; fileEncoding = 4; lastKnownFileType = sourcecode.swift; path = WBHomeController.swift; sourceTree = "<group>"; };
		1F8521151E911B5900260C16 /* WBMessageController.swift */ = {isa = PBXFileReference; fileEncoding = 4; lastKnownFileType = sourcecode.swift; path = WBMessageController.swift; sourceTree = "<group>"; };
		1F8521171E911B7900260C16 /* WBDiscoverController.swift */ = {isa = PBXFileReference; fileEncoding = 4; lastKnownFileType = sourcecode.swift; path = WBDiscoverController.swift; sourceTree = "<group>"; };
		1F8521191E911B8B00260C16 /* WBProfileController.swift */ = {isa = PBXFileReference; fileEncoding = 4; lastKnownFileType = sourcecode.swift; path = WBProfileController.swift; sourceTree = "<group>"; };
		1F85211B1E91246D00260C16 /* UIButton+convenience.swift */ = {isa = PBXFileReference; fileEncoding = 4; lastKnownFileType = sourcecode.swift; path = "UIButton+convenience.swift"; sourceTree = "<group>"; };
		1F85211D1E91309900260C16 /* WBVisitorView.swift */ = {isa = PBXFileReference; fileEncoding = 4; lastKnownFileType = sourcecode.swift; path = WBVisitorView.swift; sourceTree = "<group>"; };
		1F85211F1E9133F700260C16 /* UIImageView+extension.swift */ = {isa = PBXFileReference; fileEncoding = 4; lastKnownFileType = sourcecode.swift; path = "UIImageView+extension.swift"; sourceTree = "<group>"; };
		1F8521211E9135D000260C16 /* UIlabel+convenience.swift */ = {isa = PBXFileReference; fileEncoding = 4; lastKnownFileType = sourcecode.swift; path = "UIlabel+convenience.swift"; sourceTree = "<group>"; };
		1F8521241E913A8700260C16 /* Constraint.swift */ = {isa = PBXFileReference; fileEncoding = 4; lastKnownFileType = sourcecode.swift; path = Constraint.swift; sourceTree = "<group>"; };
		1F8521251E913A8700260C16 /* ConstraintAttributes.swift */ = {isa = PBXFileReference; fileEncoding = 4; lastKnownFileType = sourcecode.swift; path = ConstraintAttributes.swift; sourceTree = "<group>"; };
		1F8521261E913A8700260C16 /* ConstraintConfig.swift */ = {isa = PBXFileReference; fileEncoding = 4; lastKnownFileType = sourcecode.swift; path = ConstraintConfig.swift; sourceTree = "<group>"; };
		1F8521271E913A8700260C16 /* ConstraintConstantTarget.swift */ = {isa = PBXFileReference; fileEncoding = 4; lastKnownFileType = sourcecode.swift; path = ConstraintConstantTarget.swift; sourceTree = "<group>"; };
		1F8521281E913A8700260C16 /* ConstraintDescription.swift */ = {isa = PBXFileReference; fileEncoding = 4; lastKnownFileType = sourcecode.swift; path = ConstraintDescription.swift; sourceTree = "<group>"; };
		1F8521291E913A8700260C16 /* ConstraintDSL.swift */ = {isa = PBXFileReference; fileEncoding = 4; lastKnownFileType = sourcecode.swift; path = ConstraintDSL.swift; sourceTree = "<group>"; };
		1F85212A1E913A8700260C16 /* ConstraintInsets.swift */ = {isa = PBXFileReference; fileEncoding = 4; lastKnownFileType = sourcecode.swift; path = ConstraintInsets.swift; sourceTree = "<group>"; };
		1F85212B1E913A8700260C16 /* ConstraintInsetTarget.swift */ = {isa = PBXFileReference; fileEncoding = 4; lastKnownFileType = sourcecode.swift; path = ConstraintInsetTarget.swift; sourceTree = "<group>"; };
		1F85212C1E913A8700260C16 /* ConstraintItem.swift */ = {isa = PBXFileReference; fileEncoding = 4; lastKnownFileType = sourcecode.swift; path = ConstraintItem.swift; sourceTree = "<group>"; };
		1F85212D1E913A8700260C16 /* ConstraintLayoutGuide+Extensions.swift */ = {isa = PBXFileReference; fileEncoding = 4; lastKnownFileType = sourcecode.swift; path = "ConstraintLayoutGuide+Extensions.swift"; sourceTree = "<group>"; };
		1F85212E1E913A8700260C16 /* ConstraintLayoutGuide.swift */ = {isa = PBXFileReference; fileEncoding = 4; lastKnownFileType = sourcecode.swift; path = ConstraintLayoutGuide.swift; sourceTree = "<group>"; };
		1F85212F1E913A8700260C16 /* ConstraintLayoutGuideDSL.swift */ = {isa = PBXFileReference; fileEncoding = 4; lastKnownFileType = sourcecode.swift; path = ConstraintLayoutGuideDSL.swift; sourceTree = "<group>"; };
		1F8521301E913A8700260C16 /* ConstraintLayoutSupport.swift */ = {isa = PBXFileReference; fileEncoding = 4; lastKnownFileType = sourcecode.swift; path = ConstraintLayoutSupport.swift; sourceTree = "<group>"; };
		1F8521311E913A8700260C16 /* ConstraintLayoutSupportDSL.swift */ = {isa = PBXFileReference; fileEncoding = 4; lastKnownFileType = sourcecode.swift; path = ConstraintLayoutSupportDSL.swift; sourceTree = "<group>"; };
		1F8521321E913A8700260C16 /* ConstraintMaker.swift */ = {isa = PBXFileReference; fileEncoding = 4; lastKnownFileType = sourcecode.swift; path = ConstraintMaker.swift; sourceTree = "<group>"; };
		1F8521331E913A8700260C16 /* ConstraintMakerEditable.swift */ = {isa = PBXFileReference; fileEncoding = 4; lastKnownFileType = sourcecode.swift; path = ConstraintMakerEditable.swift; sourceTree = "<group>"; };
		1F8521341E913A8700260C16 /* ConstraintMakerExtendable.swift */ = {isa = PBXFileReference; fileEncoding = 4; lastKnownFileType = sourcecode.swift; path = ConstraintMakerExtendable.swift; sourceTree = "<group>"; };
		1F8521351E913A8700260C16 /* ConstraintMakerFinalizable.swift */ = {isa = PBXFileReference; fileEncoding = 4; lastKnownFileType = sourcecode.swift; path = ConstraintMakerFinalizable.swift; sourceTree = "<group>"; };
		1F8521361E913A8700260C16 /* ConstraintMakerPriortizable.swift */ = {isa = PBXFileReference; fileEncoding = 4; lastKnownFileType = sourcecode.swift; path = ConstraintMakerPriortizable.swift; sourceTree = "<group>"; };
		1F8521371E913A8700260C16 /* ConstraintMakerRelatable.swift */ = {isa = PBXFileReference; fileEncoding = 4; lastKnownFileType = sourcecode.swift; path = ConstraintMakerRelatable.swift; sourceTree = "<group>"; };
		1F8521381E913A8700260C16 /* ConstraintMultiplierTarget.swift */ = {isa = PBXFileReference; fileEncoding = 4; lastKnownFileType = sourcecode.swift; path = ConstraintMultiplierTarget.swift; sourceTree = "<group>"; };
		1F8521391E913A8700260C16 /* ConstraintOffsetTarget.swift */ = {isa = PBXFileReference; fileEncoding = 4; lastKnownFileType = sourcecode.swift; path = ConstraintOffsetTarget.swift; sourceTree = "<group>"; };
		1F85213A1E913A8700260C16 /* ConstraintPriorityTarget.swift */ = {isa = PBXFileReference; fileEncoding = 4; lastKnownFileType = sourcecode.swift; path = ConstraintPriorityTarget.swift; sourceTree = "<group>"; };
		1F85213B1E913A8700260C16 /* ConstraintRelatableTarget.swift */ = {isa = PBXFileReference; fileEncoding = 4; lastKnownFileType = sourcecode.swift; path = ConstraintRelatableTarget.swift; sourceTree = "<group>"; };
		1F85213C1E913A8700260C16 /* ConstraintRelation.swift */ = {isa = PBXFileReference; fileEncoding = 4; lastKnownFileType = sourcecode.swift; path = ConstraintRelation.swift; sourceTree = "<group>"; };
		1F85213D1E913A8700260C16 /* ConstraintView+Extensions.swift */ = {isa = PBXFileReference; fileEncoding = 4; lastKnownFileType = sourcecode.swift; path = "ConstraintView+Extensions.swift"; sourceTree = "<group>"; };
		1F85213E1E913A8700260C16 /* ConstraintView.swift */ = {isa = PBXFileReference; fileEncoding = 4; lastKnownFileType = sourcecode.swift; path = ConstraintView.swift; sourceTree = "<group>"; };
		1F85213F1E913A8700260C16 /* ConstraintViewDSL.swift */ = {isa = PBXFileReference; fileEncoding = 4; lastKnownFileType = sourcecode.swift; path = ConstraintViewDSL.swift; sourceTree = "<group>"; };
		1F8521401E913A8700260C16 /* Debugging.swift */ = {isa = PBXFileReference; fileEncoding = 4; lastKnownFileType = sourcecode.swift; path = Debugging.swift; sourceTree = "<group>"; };
		1F8521411E913A8700260C16 /* Info.plist */ = {isa = PBXFileReference; fileEncoding = 4; lastKnownFileType = text.plist.xml; path = Info.plist; sourceTree = "<group>"; };
		1F8521421E913A8700260C16 /* LayoutConstraint.swift */ = {isa = PBXFileReference; fileEncoding = 4; lastKnownFileType = sourcecode.swift; path = LayoutConstraint.swift; sourceTree = "<group>"; };
		1F8521431E913A8700260C16 /* LayoutConstraintItem.swift */ = {isa = PBXFileReference; fileEncoding = 4; lastKnownFileType = sourcecode.swift; path = LayoutConstraintItem.swift; sourceTree = "<group>"; };
		1F8521441E913A8700260C16 /* SnapKit.h */ = {isa = PBXFileReference; fileEncoding = 4; lastKnownFileType = sourcecode.c.h; path = SnapKit.h; sourceTree = "<group>"; };
		1F8521451E913A8700260C16 /* UILayoutSupport+Extensions.swift */ = {isa = PBXFileReference; fileEncoding = 4; lastKnownFileType = sourcecode.swift; path = "UILayoutSupport+Extensions.swift"; sourceTree = "<group>"; };
		1F8521671E91432700260C16 /* UIColor+extension.swift */ = {isa = PBXFileReference; fileEncoding = 4; lastKnownFileType = sourcecode.swift; path = "UIColor+extension.swift"; sourceTree = "<group>"; };
		1F9053C61E953D5200B65122 /* WBPictureModel.swift */ = {isa = PBXFileReference; fileEncoding = 4; lastKnownFileType = sourcecode.swift; path = WBPictureModel.swift; sourceTree = "<group>"; };
		1F9053C81E953D6400B65122 /* WBStatusModel.swift */ = {isa = PBXFileReference; fileEncoding = 4; lastKnownFileType = sourcecode.swift; path = WBStatusModel.swift; sourceTree = "<group>"; };
		1F9053CA1E953D7400B65122 /* WBUserModel.swift */ = {isa = PBXFileReference; fileEncoding = 4; lastKnownFileType = sourcecode.swift; path = WBUserModel.swift; sourceTree = "<group>"; };
		1F9053CC1E953FCE00B65122 /* NewworkTool+status.swift */ = {isa = PBXFileReference; fileEncoding = 4; lastKnownFileType = sourcecode.swift; name = "NewworkTool+status.swift"; path = "../../ThirdLib(第三方框架)/NewworkTool+status.swift"; sourceTree = "<group>"; };
		1F9053CF1E9548D500B65122 /* WBOriginalStatusView.swift */ = {isa = PBXFileReference; fileEncoding = 4; lastKnownFileType = sourcecode.swift; path = WBOriginalStatusView.swift; sourceTree = "<group>"; };
		1F9053D11E9548EE00B65122 /* WBRetweetedStatusView.swift */ = {isa = PBXFileReference; fileEncoding = 4; lastKnownFileType = sourcecode.swift; path = WBRetweetedStatusView.swift; sourceTree = "<group>"; };
		1F9053D31E95490F00B65122 /* WBStatusCell.swift */ = {isa = PBXFileReference; fileEncoding = 4; lastKnownFileType = sourcecode.swift; path = WBStatusCell.swift; sourceTree = "<group>"; };
		1F9053D51E95492900B65122 /* WBStatusPictureView.swift */ = {isa = PBXFileReference; fileEncoding = 4; lastKnownFileType = sourcecode.swift; path = WBStatusPictureView.swift; sourceTree = "<group>"; };
		1F9053D71E95493A00B65122 /* WBStatusToolBar.swift */ = {isa = PBXFileReference; fileEncoding = 4; lastKnownFileType = sourcecode.swift; path = WBStatusToolBar.swift; sourceTree = "<group>"; };
		1FC51CDC1E933C0A00C05565 /* WBLogInController.swift */ = {isa = PBXFileReference; fileEncoding = 4; lastKnownFileType = sourcecode.swift; path = WBLogInController.swift; sourceTree = "<group>"; };
		1FC51CDE1E93443100C05565 /* NetworkTool.swift */ = {isa = PBXFileReference; fileEncoding = 4; lastKnownFileType = sourcecode.swift; name = NetworkTool.swift; path = ../NetworkTool.swift; sourceTree = "<group>"; };
		1FC51CE11E9347F900C05565 /* NetworkTool+Login.swift */ = {isa = PBXFileReference; fileEncoding = 4; lastKnownFileType = sourcecode.swift; path = "NetworkTool+Login.swift"; sourceTree = "<group>"; };
		1FC51CE31E934ECA00C05565 /* Common.swift */ = {isa = PBXFileReference; fileEncoding = 4; lastKnownFileType = sourcecode.swift; path = Common.swift; sourceTree = "<group>"; };
		1FC51CE51E9394E500C05565 /* WBUserAccount.swift */ = {isa = PBXFileReference; fileEncoding = 4; lastKnownFileType = sourcecode.swift; path = WBUserAccount.swift; sourceTree = "<group>"; };
		4E7289ED921CA0819BD97ECC /* Pods-WeiBo.debug.xcconfig */ = {isa = PBXFileReference; includeInIndex = 1; lastKnownFileType = text.xcconfig; name = "Pods-WeiBo.debug.xcconfig"; path = "Pods/Target Support Files/Pods-WeiBo/Pods-WeiBo.debug.xcconfig"; sourceTree = "<group>"; };
		7F6FDDDA984CB1827CE52D43 /* Pods-WeiBo.release.xcconfig */ = {isa = PBXFileReference; includeInIndex = 1; lastKnownFileType = text.xcconfig; name = "Pods-WeiBo.release.xcconfig"; path = "Pods/Target Support Files/Pods-WeiBo/Pods-WeiBo.release.xcconfig"; sourceTree = "<group>"; };
		D7608C7B377F7D9B05BA881D /* Pods_WeiBo.framework */ = {isa = PBXFileReference; explicitFileType = wrapper.framework; includeInIndex = 0; path = Pods_WeiBo.framework; sourceTree = BUILT_PRODUCTS_DIR; };
/* End PBXFileReference section */

/* Begin PBXFrameworksBuildPhase section */
		1F8520DD1E90C46F00260C16 /* Frameworks */ = {
			isa = PBXFrameworksBuildPhase;
			buildActionMask = 2147483647;
			files = (
				67179E1939EBAFFA5E876D4C /* Pods_WeiBo.framework in Frameworks */,
			);
			runOnlyForDeploymentPostprocessing = 0;
		};
/* End PBXFrameworksBuildPhase section */

/* Begin PBXGroup section */
		1F0370DA1E95064600C701A1 /* NewFetureAndWelcomeView(新特性和欢迎界面) */ = {
			isa = PBXGroup;
			children = (
				1F0370DB1E95065700C701A1 /* WBNewFetureView.swift */,
				1F0370DD1E95066500C701A1 /* WBWelcomeView.swift */,
			);
			path = "NewFetureAndWelcomeView(新特性和欢迎界面)";
			sourceTree = "<group>";
		};
		1F7634EF1E993E0600E0A906 /* PhotoBroser(图片浏览器) */ = {
			isa = PBXGroup;
			children = (
				1F7634F01E993E2500E0A906 /* WBPhotoBroserController.swift */,
				1F7634F21E99495C00E0A906 /* WBPhotoViewController.swift */,
			);
			path = "PhotoBroser(图片浏览器)";
			sourceTree = "<group>";
		};
		1F76366B1E9E76C000E0A906 /* CustomKeyboard(自定义键盘) */ = {
			isa = PBXGroup;
			children = (
				1F76366C1E9E76DB00E0A906 /* WBCustomKeyboard.swift */,
				1F76366E1E9E77A500E0A906 /* WBKeyboardToolbar.swift */,
			);
			path = "CustomKeyboard(自定义键盘)";
			sourceTree = "<group>";
		};
		1F8520D71E90C46F00260C16 = {
			isa = PBXGroup;
			children = (
				1F8520E21E90C46F00260C16 /* WeiBo */,
				1F8520E11E90C46F00260C16 /* Products */,
				F40BD755112C995499CD4280 /* Pods */,
				87034A08C8BC96932B748225 /* Frameworks */,
			);
			sourceTree = "<group>";
		};
		1F8520E11E90C46F00260C16 /* Products */ = {
			isa = PBXGroup;
			children = (
				1F8520E01E90C46F00260C16 /* WeiBo.app */,
			);
			name = Products;
			sourceTree = "<group>";
		};
		1F8520E21E90C46F00260C16 /* WeiBo */ = {
			isa = PBXGroup;
			children = (
				1F85210C1E910CD000260C16 /* Default(默认文件) */,
				1F8520F51E910CCB00260C16 /* Classes */,
			);
			path = WeiBo;
			sourceTree = "<group>";
		};
		1F8520F51E910CCB00260C16 /* Classes */ = {
			isa = PBXGroup;
			children = (
				1F8520F81E910CCB00260C16 /* ThirdLib(第三方框架) */,
				1F8520FA1E910CCB00260C16 /* Tools(工具类) */,
				1F8520F61E910CCB00260C16 /* Model(模型) */,
				1F8520FC1E910CCB00260C16 /* View(视图) */,
				1F8521051E910CCB00260C16 /* ViewModel(视图模型) */,
			);
			path = Classes;
			sourceTree = "<group>";
		};
		1F8520F61E910CCB00260C16 /* Model(模型) */ = {
			isa = PBXGroup;
			children = (
				1F8520F71E910CCB00260C16 /* .gitignore */,
				1FC51CE51E9394E500C05565 /* WBUserAccount.swift */,
				1F9053C61E953D5200B65122 /* WBPictureModel.swift */,
				1F9053C81E953D6400B65122 /* WBStatusModel.swift */,
				1F9053CA1E953D7400B65122 /* WBUserModel.swift */,
			);
			path = "Model(模型)";
			sourceTree = "<group>";
		};
		1F8520F81E910CCB00260C16 /* ThirdLib(第三方框架) */ = {
			isa = PBXGroup;
			children = (
				1F8521231E913A8700260C16 /* SnapKit */,
				1F8520F91E910CCB00260C16 /* .gitignore */,
			);
			path = "ThirdLib(第三方框架)";
			sourceTree = "<group>";
		};
		1F8520FA1E910CCB00260C16 /* Tools(工具类) */ = {
			isa = PBXGroup;
			children = (
				1F8520FB1E910CCB00260C16 /* .gitignore */,
				1FC51CE01E9347D700C05565 /* NetworkTool(网络中间层) */,
				1F85211B1E91246D00260C16 /* UIButton+convenience.swift */,
				1F85211F1E9133F700260C16 /* UIImageView+extension.swift */,
				1F8521211E9135D000260C16 /* UIlabel+convenience.swift */,
				1F8521671E91432700260C16 /* UIColor+extension.swift */,
				1FC51CE31E934ECA00C05565 /* Common.swift */,
				1F0370DF1E95097700C701A1 /* UIIamge+draw.swift */,
				1F0370E11E950AD900C701A1 /* Bundle+extension.swift */,
				1F7634931E967D5700E0A906 /* Date+extension.swift */,
			);
			path = "Tools(工具类)";
			sourceTree = "<group>";
		};
		1F8520FC1E910CCB00260C16 /* View(视图) */ = {
			isa = PBXGroup;
			children = (
				1F7634EF1E993E0600E0A906 /* PhotoBroser(图片浏览器) */,
				1F0370DA1E95064600C701A1 /* NewFetureAndWelcomeView(新特性和欢迎界面) */,
				1FC51CDB1E933BF200C05565 /* LogIn(登录界面) */,
				1F8520FD1E910CCB00260C16 /* .gitignore */,
				1F8521011E910CCB00260C16 /* Main(主控制器) */,
				1F8521041E910CCB00260C16 /* Visitor(访客视图) */,
				1F8521001E910CCB00260C16 /* Home(首页) */,
				1F8521021E910CCB00260C16 /* Message(消息) */,
				1F8520FE1E910CCB00260C16 /* Compose(发布) */,
				1F8520FF1E910CCB00260C16 /* Discover(发现) */,
				1F8521031E910CCB00260C16 /* Profile(我) */,
			);
			path = "View(视图)";
			sourceTree = "<group>";
		};
		1F8520FE1E910CCB00260C16 /* Compose(发布) */ = {
			isa = PBXGroup;
			children = (
				1F76366B1E9E76C000E0A906 /* CustomKeyboard(自定义键盘) */,
				1F7636631E9CEC8C00E0A906 /* WBComposeViewController.swift */,
				1F7636651E9CF9B700E0A906 /* WBTextView.swift */,
				1F7636671E9E498000E0A906 /* WBComposePicCell.swift */,
			);
			path = "Compose(发布)";
			sourceTree = "<group>";
		};
		1F8520FF1E910CCB00260C16 /* Discover(发现) */ = {
			isa = PBXGroup;
			children = (
				1F8521171E911B7900260C16 /* WBDiscoverController.swift */,
			);
			path = "Discover(发现)";
			sourceTree = "<group>";
		};
		1F8521001E910CCB00260C16 /* Home(首页) */ = {
			isa = PBXGroup;
			children = (
				1F8521131E911B4700260C16 /* WBHomeController.swift */,
				1F9053CE1E9548B500B65122 /* StatusesCell */,
			);
			path = "Home(首页)";
			sourceTree = "<group>";
		};
		1F8521011E910CCB00260C16 /* Main(主控制器) */ = {
			isa = PBXGroup;
			children = (
				1F8521111E9110FC00260C16 /* main.json */,
				1F85210D1E910E8C00260C16 /* WBMainController.swift */,
				1F85210F1E910EC600260C16 /* WBRootController.swift */,
			);
			path = "Main(主控制器)";
			sourceTree = "<group>";
		};
		1F8521021E910CCB00260C16 /* Message(消息) */ = {
			isa = PBXGroup;
			children = (
				1F8521151E911B5900260C16 /* WBMessageController.swift */,
			);
			path = "Message(消息)";
			sourceTree = "<group>";
		};
		1F8521031E910CCB00260C16 /* Profile(我) */ = {
			isa = PBXGroup;
			children = (
				1F8521191E911B8B00260C16 /* WBProfileController.swift */,
			);
			path = "Profile(我)";
			sourceTree = "<group>";
		};
		1F8521041E910CCB00260C16 /* Visitor(访客视图) */ = {
			isa = PBXGroup;
			children = (
				1F85211D1E91309900260C16 /* WBVisitorView.swift */,
			);
			path = "Visitor(访客视图)";
			sourceTree = "<group>";
		};
		1F8521051E910CCB00260C16 /* ViewModel(视图模型) */ = {
			isa = PBXGroup;
			children = (
				1F8521061E910CCB00260C16 /* .gitignore */,
				1F7634911E9679F500E0A906 /* WBStatusViewModel.swift */,
				1F7634F41E9A584200E0A906 /* WBStatusListViewModel.swift */,
			);
			path = "ViewModel(视图模型)";
			sourceTree = "<group>";
		};
		1F85210C1E910CD000260C16 /* Default(默认文件) */ = {
			isa = PBXGroup;
			children = (
				1F8520E31E90C46F00260C16 /* AppDelegate.swift */,
				1F8520E51E90C46F00260C16 /* ViewController.swift */,
				1F8520E71E90C46F00260C16 /* Main.storyboard */,
				1F8520EA1E90C46F00260C16 /* Assets.xcassets */,
				1F8520EC1E90C46F00260C16 /* LaunchScreen.storyboard */,
				1F8520EF1E90C46F00260C16 /* Info.plist */,
			);
			name = "Default(默认文件)";
			sourceTree = "<group>";
		};
		1F8521231E913A8700260C16 /* SnapKit */ = {
			isa = PBXGroup;
			children = (
				1F8521241E913A8700260C16 /* Constraint.swift */,
				1F8521251E913A8700260C16 /* ConstraintAttributes.swift */,
				1F8521261E913A8700260C16 /* ConstraintConfig.swift */,
				1F8521271E913A8700260C16 /* ConstraintConstantTarget.swift */,
				1F8521281E913A8700260C16 /* ConstraintDescription.swift */,
				1F8521291E913A8700260C16 /* ConstraintDSL.swift */,
				1F85212A1E913A8700260C16 /* ConstraintInsets.swift */,
				1F85212B1E913A8700260C16 /* ConstraintInsetTarget.swift */,
				1F85212C1E913A8700260C16 /* ConstraintItem.swift */,
				1F85212D1E913A8700260C16 /* ConstraintLayoutGuide+Extensions.swift */,
				1F85212E1E913A8700260C16 /* ConstraintLayoutGuide.swift */,
				1F85212F1E913A8700260C16 /* ConstraintLayoutGuideDSL.swift */,
				1F8521301E913A8700260C16 /* ConstraintLayoutSupport.swift */,
				1F8521311E913A8700260C16 /* ConstraintLayoutSupportDSL.swift */,
				1F8521321E913A8700260C16 /* ConstraintMaker.swift */,
				1F8521331E913A8700260C16 /* ConstraintMakerEditable.swift */,
				1F8521341E913A8700260C16 /* ConstraintMakerExtendable.swift */,
				1F8521351E913A8700260C16 /* ConstraintMakerFinalizable.swift */,
				1F8521361E913A8700260C16 /* ConstraintMakerPriortizable.swift */,
				1F8521371E913A8700260C16 /* ConstraintMakerRelatable.swift */,
				1F8521381E913A8700260C16 /* ConstraintMultiplierTarget.swift */,
				1F8521391E913A8700260C16 /* ConstraintOffsetTarget.swift */,
				1F85213A1E913A8700260C16 /* ConstraintPriorityTarget.swift */,
				1F85213B1E913A8700260C16 /* ConstraintRelatableTarget.swift */,
				1F85213C1E913A8700260C16 /* ConstraintRelation.swift */,
				1F85213D1E913A8700260C16 /* ConstraintView+Extensions.swift */,
				1F85213E1E913A8700260C16 /* ConstraintView.swift */,
				1F85213F1E913A8700260C16 /* ConstraintViewDSL.swift */,
				1F8521401E913A8700260C16 /* Debugging.swift */,
				1F8521411E913A8700260C16 /* Info.plist */,
				1F8521421E913A8700260C16 /* LayoutConstraint.swift */,
				1F8521431E913A8700260C16 /* LayoutConstraintItem.swift */,
				1F8521441E913A8700260C16 /* SnapKit.h */,
				1F8521451E913A8700260C16 /* UILayoutSupport+Extensions.swift */,
			);
			path = SnapKit;
			sourceTree = "<group>";
		};
		1F9053CE1E9548B500B65122 /* StatusesCell */ = {
			isa = PBXGroup;
			children = (
				1F9053D31E95490F00B65122 /* WBStatusCell.swift */,
				1F7634951E9726DE00E0A906 /* WBRetweetedStatusCell.swift */,
				1F9053CF1E9548D500B65122 /* WBOriginalStatusView.swift */,
				1F9053D11E9548EE00B65122 /* WBRetweetedStatusView.swift */,
				1F9053D51E95492900B65122 /* WBStatusPictureView.swift */,
				1F9053D71E95493A00B65122 /* WBStatusToolBar.swift */,
			);
			path = StatusesCell;
			sourceTree = "<group>";
		};
		1FC51CDB1E933BF200C05565 /* LogIn(登录界面) */ = {
			isa = PBXGroup;
			children = (
				1FC51CDC1E933C0A00C05565 /* WBLogInController.swift */,
			);
			path = "LogIn(登录界面)";
			sourceTree = "<group>";
		};
		1FC51CE01E9347D700C05565 /* NetworkTool(网络中间层) */ = {
			isa = PBXGroup;
			children = (
				1F9053CC1E953FCE00B65122 /* NewworkTool+status.swift */,
				1FC51CDE1E93443100C05565 /* NetworkTool.swift */,
				1FC51CE11E9347F900C05565 /* NetworkTool+Login.swift */,
				1F7636691E9E627D00E0A906 /* NetworkTool+compose.swift */,
			);
			path = "NetworkTool(网络中间层)";
			sourceTree = "<group>";
		};
		87034A08C8BC96932B748225 /* Frameworks */ = {
			isa = PBXGroup;
			children = (
				D7608C7B377F7D9B05BA881D /* Pods_WeiBo.framework */,
			);
			name = Frameworks;
			sourceTree = "<group>";
		};
		F40BD755112C995499CD4280 /* Pods */ = {
			isa = PBXGroup;
			children = (
				4E7289ED921CA0819BD97ECC /* Pods-WeiBo.debug.xcconfig */,
				7F6FDDDA984CB1827CE52D43 /* Pods-WeiBo.release.xcconfig */,
			);
			name = Pods;
			sourceTree = "<group>";
		};
/* End PBXGroup section */

/* Begin PBXNativeTarget section */
		1F8520DF1E90C46F00260C16 /* WeiBo */ = {
			isa = PBXNativeTarget;
			buildConfigurationList = 1F8520F21E90C46F00260C16 /* Build configuration list for PBXNativeTarget "WeiBo" */;
			buildPhases = (
				C8A8B040EA55E762CCCD51F8 /* [CP] Check Pods Manifest.lock */,
				1F8520DC1E90C46F00260C16 /* Sources */,
				1F8520DD1E90C46F00260C16 /* Frameworks */,
				1F8520DE1E90C46F00260C16 /* Resources */,
				FC575CDE0E1AD705B5EC7872 /* [CP] Embed Pods Frameworks */,
				B867AC15AA26AD0371CCAD2F /* [CP] Copy Pods Resources */,
			);
			buildRules = (
			);
			dependencies = (
			);
			name = WeiBo;
			productName = WeiBo;
			productReference = 1F8520E01E90C46F00260C16 /* WeiBo.app */;
			productType = "com.apple.product-type.application";
		};
/* End PBXNativeTarget section */

/* Begin PBXProject section */
		1F8520D81E90C46F00260C16 /* Project object */ = {
			isa = PBXProject;
			attributes = {
				CLASSPREFIX = WB;
				LastSwiftUpdateCheck = 0820;
				LastUpgradeCheck = 0820;
				ORGANIZATIONNAME = "陈伟";
				TargetAttributes = {
					1F8520DF1E90C46F00260C16 = {
						CreatedOnToolsVersion = 8.2.1;
						ProvisioningStyle = Automatic;
					};
				};
			};
			buildConfigurationList = 1F8520DB1E90C46F00260C16 /* Build configuration list for PBXProject "WeiBo" */;
			compatibilityVersion = "Xcode 3.2";
			developmentRegion = English;
			hasScannedForEncodings = 0;
			knownRegions = (
				en,
				Base,
			);
			mainGroup = 1F8520D71E90C46F00260C16;
			productRefGroup = 1F8520E11E90C46F00260C16 /* Products */;
			projectDirPath = "";
			projectRoot = "";
			targets = (
				1F8520DF1E90C46F00260C16 /* WeiBo */,
			);
		};
/* End PBXProject section */

/* Begin PBXResourcesBuildPhase section */
		1F8520DE1E90C46F00260C16 /* Resources */ = {
			isa = PBXResourcesBuildPhase;
			buildActionMask = 2147483647;
			files = (
				1F8521121E9110FC00260C16 /* main.json in Resources */,
				1F85210B1E910CCB00260C16 /* .gitignore in Resources */,
				1F8521081E910CCB00260C16 /* .gitignore in Resources */,
				1F85210A1E910CCB00260C16 /* .gitignore in Resources */,
				1F8521071E910CCB00260C16 /* .gitignore in Resources */,
				1F8520EE1E90C46F00260C16 /* LaunchScreen.storyboard in Resources */,
				1F8520EB1E90C46F00260C16 /* Assets.xcassets in Resources */,
				1F8521091E910CCB00260C16 /* .gitignore in Resources */,
				1F8521631E913A8700260C16 /* Info.plist in Resources */,
				1F8520E91E90C46F00260C16 /* Main.storyboard in Resources */,
			);
			runOnlyForDeploymentPostprocessing = 0;
		};
/* End PBXResourcesBuildPhase section */

/* Begin PBXShellScriptBuildPhase section */
		B867AC15AA26AD0371CCAD2F /* [CP] Copy Pods Resources */ = {
			isa = PBXShellScriptBuildPhase;
			buildActionMask = 2147483647;
			files = (
			);
			inputPaths = (
			);
			name = "[CP] Copy Pods Resources";
			outputPaths = (
			);
			runOnlyForDeploymentPostprocessing = 0;
			shellPath = /bin/sh;
			shellScript = "\"${SRCROOT}/Pods/Target Support Files/Pods-WeiBo/Pods-WeiBo-resources.sh\"\n";
			showEnvVarsInLog = 0;
		};
		C8A8B040EA55E762CCCD51F8 /* [CP] Check Pods Manifest.lock */ = {
			isa = PBXShellScriptBuildPhase;
			buildActionMask = 2147483647;
			files = (
			);
			inputPaths = (
			);
			name = "[CP] Check Pods Manifest.lock";
			outputPaths = (
			);
			runOnlyForDeploymentPostprocessing = 0;
			shellPath = /bin/sh;
			shellScript = "diff \"${PODS_ROOT}/../Podfile.lock\" \"${PODS_ROOT}/Manifest.lock\" > /dev/null\nif [ $? != 0 ] ; then\n    # print error to STDERR\n    echo \"error: The sandbox is not in sync with the Podfile.lock. Run 'pod install' or update your CocoaPods installation.\" >&2\n    exit 1\nfi\n";
			showEnvVarsInLog = 0;
		};
		FC575CDE0E1AD705B5EC7872 /* [CP] Embed Pods Frameworks */ = {
			isa = PBXShellScriptBuildPhase;
			buildActionMask = 2147483647;
			files = (
			);
			inputPaths = (
			);
			name = "[CP] Embed Pods Frameworks";
			outputPaths = (
			);
			runOnlyForDeploymentPostprocessing = 0;
			shellPath = /bin/sh;
			shellScript = "\"${SRCROOT}/Pods/Target Support Files/Pods-WeiBo/Pods-WeiBo-frameworks.sh\"\n";
			showEnvVarsInLog = 0;
		};
/* End PBXShellScriptBuildPhase section */

/* Begin PBXSourcesBuildPhase section */
		1F8520DC1E90C46F00260C16 /* Sources */ = {
			isa = PBXSourcesBuildPhase;
			buildActionMask = 2147483647;
			files = (
				1F7634961E9726DE00E0A906 /* WBRetweetedStatusCell.swift in Sources */,
				1F8521601E913A8700260C16 /* ConstraintView.swift in Sources */,
				1F0370E21E950AD900C701A1 /* Bundle+extension.swift in Sources */,
				1F85215A1E913A8700260C16 /* ConstraintMultiplierTarget.swift in Sources */,
				1F7634F11E993E2500E0A906 /* WBPhotoBroserController.swift in Sources */,
				1F8521181E911B7900260C16 /* WBDiscoverController.swift in Sources */,
				1F85214A1E913A8700260C16 /* ConstraintDescription.swift in Sources */,
				1F9053CD1E953FCE00B65122 /* NewworkTool+status.swift in Sources */,
				1FC51CDD1E933C0A00C05565 /* WBLogInController.swift in Sources */,
				1F7634941E967D5700E0A906 /* Date+extension.swift in Sources */,
				1F85215F1E913A8700260C16 /* ConstraintView+Extensions.swift in Sources */,
				1F8521541E913A8700260C16 /* ConstraintMaker.swift in Sources */,
				1F8521661E913A8700260C16 /* UILayoutSupport+Extensions.swift in Sources */,
				1F85214B1E913A8700260C16 /* ConstraintDSL.swift in Sources */,
				1FC51CDF1E93443100C05565 /* NetworkTool.swift in Sources */,
				1F85215E1E913A8700260C16 /* ConstraintRelation.swift in Sources */,
				1F8521521E913A8700260C16 /* ConstraintLayoutSupport.swift in Sources */,
				1F8521481E913A8700260C16 /* ConstraintConfig.swift in Sources */,
				1F9053CB1E953D7400B65122 /* WBUserModel.swift in Sources */,
				1FC51CE41E934ECA00C05565 /* Common.swift in Sources */,
				1F8521161E911B5900260C16 /* WBMessageController.swift in Sources */,
				1F76366F1E9E77A500E0A906 /* WBKeyboardToolbar.swift in Sources */,
				1F8521681E91432700260C16 /* UIColor+extension.swift in Sources */,
				1F8521551E913A8700260C16 /* ConstraintMakerEditable.swift in Sources */,
				1F8521511E913A8700260C16 /* ConstraintLayoutGuideDSL.swift in Sources */,
				1F7634F31E99495C00E0A906 /* WBPhotoViewController.swift in Sources */,
				1F85211A1E911B8B00260C16 /* WBProfileController.swift in Sources */,
				1F9053D41E95490F00B65122 /* WBStatusCell.swift in Sources */,
				1F9053D01E9548D500B65122 /* WBOriginalStatusView.swift in Sources */,
				1F9053D21E9548EE00B65122 /* WBRetweetedStatusView.swift in Sources */,
				1F85210E1E910E8C00260C16 /* WBMainController.swift in Sources */,
				1F8521561E913A8700260C16 /* ConstraintMakerExtendable.swift in Sources */,
				1F7634921E9679F500E0A906 /* WBStatusViewModel.swift in Sources */,
				1F76366D1E9E76DB00E0A906 /* WBCustomKeyboard.swift in Sources */,
				1F85211E1E91309900260C16 /* WBVisitorView.swift in Sources */,
				1F8520E61E90C46F00260C16 /* ViewController.swift in Sources */,
				1F0370E01E95097700C701A1 /* UIIamge+draw.swift in Sources */,
				1F85214F1E913A8700260C16 /* ConstraintLayoutGuide+Extensions.swift in Sources */,
				1F8521581E913A8700260C16 /* ConstraintMakerPriortizable.swift in Sources */,
				1F9053C71E953D5200B65122 /* WBPictureModel.swift in Sources */,
				1F8521651E913A8700260C16 /* LayoutConstraintItem.swift in Sources */,
				1F85215C1E913A8700260C16 /* ConstraintPriorityTarget.swift in Sources */,
				1F7636641E9CEC8C00E0A906 /* WBComposeViewController.swift in Sources */,
				1F8521611E913A8700260C16 /* ConstraintViewDSL.swift in Sources */,
				1F85214D1E913A8700260C16 /* ConstraintInsetTarget.swift in Sources */,
				1F8521101E910EC600260C16 /* WBRootController.swift in Sources */,
				1F8521141E911B4700260C16 /* WBHomeController.swift in Sources */,
				1FC51CE21E9347F900C05565 /* NetworkTool+Login.swift in Sources */,
				1F8520E41E90C46F00260C16 /* AppDelegate.swift in Sources */,
				1F7634F51E9A584200E0A906 /* WBStatusListViewModel.swift in Sources */,
				1FC51CE61E9394E500C05565 /* WBUserAccount.swift in Sources */,
				1F8521641E913A8700260C16 /* LayoutConstraint.swift in Sources */,
				1F85214C1E913A8700260C16 /* ConstraintInsets.swift in Sources */,
				1F7636661E9CF9B700E0A906 /* WBTextView.swift in Sources */,
				1F7636681E9E498000E0A906 /* WBComposePicCell.swift in Sources */,
				1F0370DC1E95065700C701A1 /* WBNewFetureView.swift in Sources */,
				1F85215B1E913A8700260C16 /* ConstraintOffsetTarget.swift in Sources */,
				1F9053D81E95493A00B65122 /* WBStatusToolBar.swift in Sources */,
				1F85214E1E913A8700260C16 /* ConstraintItem.swift in Sources */,
				1F8521471E913A8700260C16 /* ConstraintAttributes.swift in Sources */,
				1F76366A1E9E627D00E0A906 /* NetworkTool+compose.swift in Sources */,
				1F8521571E913A8700260C16 /* ConstraintMakerFinalizable.swift in Sources */,
				1F9053C91E953D6400B65122 /* WBStatusModel.swift in Sources */,
				1F8521201E9133F700260C16 /* UIImageView+extension.swift in Sources */,
				1F8521621E913A8700260C16 /* Debugging.swift in Sources */,
				1F8521501E913A8700260C16 /* ConstraintLayoutGuide.swift in Sources */,
				1F8521591E913A8700260C16 /* ConstraintMakerRelatable.swift in Sources */,
				1F8521221E9135D000260C16 /* UIlabel+convenience.swift in Sources */,
				1F8521531E913A8700260C16 /* ConstraintLayoutSupportDSL.swift in Sources */,
				1F85211C1E91246D00260C16 /* UIButton+convenience.swift in Sources */,
				1F8521461E913A8700260C16 /* Constraint.swift in Sources */,
				1F9053D61E95492900B65122 /* WBStatusPictureView.swift in Sources */,
				1F85215D1E913A8700260C16 /* ConstraintRelatableTarget.swift in Sources */,
				1F0370DE1E95066500C701A1 /* WBWelcomeView.swift in Sources */,
				1F8521491E913A8700260C16 /* ConstraintConstantTarget.swift in Sources */,
			);
			runOnlyForDeploymentPostprocessing = 0;
		};
/* End PBXSourcesBuildPhase section */

/* Begin PBXVariantGroup section */
		1F8520E71E90C46F00260C16 /* Main.storyboard */ = {
			isa = PBXVariantGroup;
			children = (
				1F8520E81E90C46F00260C16 /* Base */,
			);
			name = Main.storyboard;
			sourceTree = "<group>";
		};
		1F8520EC1E90C46F00260C16 /* LaunchScreen.storyboard */ = {
			isa = PBXVariantGroup;
			children = (
				1F8520ED1E90C46F00260C16 /* Base */,
			);
			name = LaunchScreen.storyboard;
			sourceTree = "<group>";
		};
/* End PBXVariantGroup section */

/* Begin XCBuildConfiguration section */
		1F8520F01E90C46F00260C16 /* Debug */ = {
			isa = XCBuildConfiguration;
			buildSettings = {
				ALWAYS_SEARCH_USER_PATHS = NO;
				CLANG_ANALYZER_NONNULL = YES;
				CLANG_CXX_LANGUAGE_STANDARD = "gnu++0x";
				CLANG_CXX_LIBRARY = "libc++";
				CLANG_ENABLE_MODULES = YES;
				CLANG_ENABLE_OBJC_ARC = YES;
				CLANG_WARN_BOOL_CONVERSION = YES;
				CLANG_WARN_CONSTANT_CONVERSION = YES;
				CLANG_WARN_DIRECT_OBJC_ISA_USAGE = YES_ERROR;
				CLANG_WARN_DOCUMENTATION_COMMENTS = YES;
				CLANG_WARN_EMPTY_BODY = YES;
				CLANG_WARN_ENUM_CONVERSION = YES;
				CLANG_WARN_INFINITE_RECURSION = YES;
				CLANG_WARN_INT_CONVERSION = YES;
				CLANG_WARN_OBJC_ROOT_CLASS = YES_ERROR;
				CLANG_WARN_SUSPICIOUS_MOVE = YES;
				CLANG_WARN_UNREACHABLE_CODE = YES;
				CLANG_WARN__DUPLICATE_METHOD_MATCH = YES;
				"CODE_SIGN_IDENTITY[sdk=iphoneos*]" = "iPhone Developer";
				COPY_PHASE_STRIP = NO;
				DEBUG_INFORMATION_FORMAT = dwarf;
				ENABLE_STRICT_OBJC_MSGSEND = YES;
				ENABLE_TESTABILITY = YES;
				GCC_C_LANGUAGE_STANDARD = gnu99;
				GCC_DYNAMIC_NO_PIC = NO;
				GCC_NO_COMMON_BLOCKS = YES;
				GCC_OPTIMIZATION_LEVEL = 0;
				GCC_PREPROCESSOR_DEFINITIONS = (
					"DEBUG=1",
					"$(inherited)",
				);
				GCC_WARN_64_TO_32_BIT_CONVERSION = YES;
				GCC_WARN_ABOUT_RETURN_TYPE = YES_ERROR;
				GCC_WARN_UNDECLARED_SELECTOR = YES;
				GCC_WARN_UNINITIALIZED_AUTOS = YES_AGGRESSIVE;
				GCC_WARN_UNUSED_FUNCTION = YES;
				GCC_WARN_UNUSED_VARIABLE = YES;
				IPHONEOS_DEPLOYMENT_TARGET = 10.2;
				MTL_ENABLE_DEBUG_INFO = YES;
				ONLY_ACTIVE_ARCH = YES;
				SDKROOT = iphoneos;
				SWIFT_ACTIVE_COMPILATION_CONDITIONS = DEBUG;
				SWIFT_OPTIMIZATION_LEVEL = "-Onone";
			};
			name = Debug;
		};
		1F8520F11E90C46F00260C16 /* Release */ = {
			isa = XCBuildConfiguration;
			buildSettings = {
				ALWAYS_SEARCH_USER_PATHS = NO;
				CLANG_ANALYZER_NONNULL = YES;
				CLANG_CXX_LANGUAGE_STANDARD = "gnu++0x";
				CLANG_CXX_LIBRARY = "libc++";
				CLANG_ENABLE_MODULES = YES;
				CLANG_ENABLE_OBJC_ARC = YES;
				CLANG_WARN_BOOL_CONVERSION = YES;
				CLANG_WARN_CONSTANT_CONVERSION = YES;
				CLANG_WARN_DIRECT_OBJC_ISA_USAGE = YES_ERROR;
				CLANG_WARN_DOCUMENTATION_COMMENTS = YES;
				CLANG_WARN_EMPTY_BODY = YES;
				CLANG_WARN_ENUM_CONVERSION = YES;
				CLANG_WARN_INFINITE_RECURSION = YES;
				CLANG_WARN_INT_CONVERSION = YES;
				CLANG_WARN_OBJC_ROOT_CLASS = YES_ERROR;
				CLANG_WARN_SUSPICIOUS_MOVE = YES;
				CLANG_WARN_UNREACHABLE_CODE = YES;
				CLANG_WARN__DUPLICATE_METHOD_MATCH = YES;
				"CODE_SIGN_IDENTITY[sdk=iphoneos*]" = "iPhone Developer";
				COPY_PHASE_STRIP = NO;
				DEBUG_INFORMATION_FORMAT = "dwarf-with-dsym";
				ENABLE_NS_ASSERTIONS = NO;
				ENABLE_STRICT_OBJC_MSGSEND = YES;
				GCC_C_LANGUAGE_STANDARD = gnu99;
				GCC_NO_COMMON_BLOCKS = YES;
				GCC_WARN_64_TO_32_BIT_CONVERSION = YES;
				GCC_WARN_ABOUT_RETURN_TYPE = YES_ERROR;
				GCC_WARN_UNDECLARED_SELECTOR = YES;
				GCC_WARN_UNINITIALIZED_AUTOS = YES_AGGRESSIVE;
				GCC_WARN_UNUSED_FUNCTION = YES;
				GCC_WARN_UNUSED_VARIABLE = YES;
				IPHONEOS_DEPLOYMENT_TARGET = 10.2;
				MTL_ENABLE_DEBUG_INFO = NO;
				SDKROOT = iphoneos;
				SWIFT_OPTIMIZATION_LEVEL = "-Owholemodule";
				VALIDATE_PRODUCT = YES;
			};
			name = Release;
		};
		1F8520F31E90C46F00260C16 /* Debug */ = {
			isa = XCBuildConfiguration;
			baseConfigurationReference = 4E7289ED921CA0819BD97ECC /* Pods-WeiBo.debug.xcconfig */;
			buildSettings = {
				ASSETCATALOG_COMPILER_APPICON_NAME = AppIcon;
				ASSETCATALOG_COMPILER_LAUNCHIMAGE_NAME = LaunchImage;
				INFOPLIST_FILE = WeiBo/Info.plist;
				LD_RUNPATH_SEARCH_PATHS = "$(inherited) @executable_path/Frameworks";
				PRODUCT_BUNDLE_IDENTIFIER = com.ChenWei.WeiBo;
				PRODUCT_NAME = "$(TARGET_NAME)";
				SWIFT_VERSION = 3.0;
			};
			name = Debug;
		};
		1F8520F41E90C46F00260C16 /* Release */ = {
			isa = XCBuildConfiguration;
			baseConfigurationReference = 7F6FDDDA984CB1827CE52D43 /* Pods-WeiBo.release.xcconfig */;
			buildSettings = {
				ASSETCATALOG_COMPILER_APPICON_NAME = AppIcon;
				ASSETCATALOG_COMPILER_LAUNCHIMAGE_NAME = LaunchImage;
				INFOPLIST_FILE = WeiBo/Info.plist;
				LD_RUNPATH_SEARCH_PATHS = "$(inherited) @executable_path/Frameworks";
				PRODUCT_BUNDLE_IDENTIFIER = com.ChenWei.WeiBo;
				PRODUCT_NAME = "$(TARGET_NAME)";
				SWIFT_VERSION = 3.0;
			};
			name = Release;
		};
/* End XCBuildConfiguration section */

/* Begin XCConfigurationList section */
		1F8520DB1E90C46F00260C16 /* Build configuration list for PBXProject "WeiBo" */ = {
			isa = XCConfigurationList;
			buildConfigurations = (
				1F8520F01E90C46F00260C16 /* Debug */,
				1F8520F11E90C46F00260C16 /* Release */,
			);
			defaultConfigurationIsVisible = 0;
			defaultConfigurationName = Release;
		};
		1F8520F21E90C46F00260C16 /* Build configuration list for PBXNativeTarget "WeiBo" */ = {
			isa = XCConfigurationList;
			buildConfigurations = (
				1F8520F31E90C46F00260C16 /* Debug */,
				1F8520F41E90C46F00260C16 /* Release */,
			);
			defaultConfigurationIsVisible = 0;
			defaultConfigurationName = Release;
		};
/* End XCConfigurationList section */
	};
	rootObject = 1F8520D81E90C46F00260C16 /* Project object */;
}
